
Microsoft Visual Studio Solution File, Format Version 12.00
# Visual Studio Version 17
VisualStudioVersion = 17.9.34622.214
MinimumVisualStudioVersion = 10.0.40219.1
Project("{FAE04EC0-301F-11D3-BF4B-00C04F79EFBC}") = "demo-on-github-actions", "demo-on-github-actions\demo-on-github-actions.csproj", "{A1F64812-9862-4C6D-82D7-8B4DB1CEF12A}"
EndProject
Global
	GlobalSection(SolutionConfigurationPlatforms) = preSolution
		Debug|Any CPU = Debug|Any CPU
		Release|Any CPU = Release|Any CPU
	EndGlobalSection
	GlobalSection(ProjectConfigurationPlatforms) = postSolution
		{A1F64812-9862-4C6D-82D7-8B4DB1CEF12A}.Debug|Any CPU.ActiveCfg = Debug|Any CPU
		{A1F64812-9862-4C6D-82D7-8B4DB1CEF12A}.Debug|Any CPU.Build.0 = Debug|Any CPU
		{A1F64812-9862-4C6D-82D7-8B4DB1CEF12A}.Release|Any CPU.ActiveCfg = Release|Any CPU
		{A1F64812-9862-4C6D-82D7-8B4DB1CEF12A}.Release|Any CPU.Build.0 = Release|Any CPU
	EndGlobalSection
	GlobalSection(SolutionProperties) = preSolution
		HideSolutionNode = FALSE
	EndGlobalSection
	GlobalSection(ExtensibilityGlobals) = postSolution
		SolutionGuid = {706BC9DA-AC1E-437A-A167-399502015FCE}
	EndGlobalSection
EndGlobal
